<?xml version="1.0" encoding="UTF-8" standalone="yes" ?>
<CodeBlocks_project_file>
	<FileVersion major="1" minor="6" />
	<Project>
		<Option title="CPP-Ultimate" />
		<Option pch_mode="2" />
		<Option compiler="gcc" />
		<Build>
			<Target title="Debug">
				<Option output="bin/Debug/CPP-Ultimate" prefix_auto="1" extension_auto="1" />
				<Option object_output="obj/Debug/" />
				<Option type="1" />
				<Option compiler="gcc" />
				<Compiler>
					<Add option="-g" />
					<Add directory="include" />
				</Compiler>
			</Target>
			<Target title="Release">
				<Option output="bin/Release/CPP-Ultimate" prefix_auto="1" extension_auto="1" />
				<Option object_output="obj/Release/" />
				<Option type="1" />
				<Option compiler="gcc" />
				<Compiler>
					<Add option="-O2" />
					<Add directory="include" />
				</Compiler>
				<Linker>
					<Add option="-s" />
				</Linker>
			</Target>
		</Build>
		<Compiler>
			<Add option="-Wall" />
			<Add option="-fexceptions" />
		</Compiler>
		<Unit filename="include/Constants.h" />
		<Unit filename="include/Documentation.h" />
		<Unit filename="include/ExceptionHandling.h" />
		<Unit filename="include/FactorialNumber.h" />
		<Unit filename="include/FunctionOverloading.h" />
		<Unit filename="include/Keywords.h" />
		<Unit filename="include/MemberInitializer.h" />
		<Unit filename="include/MisssingNoInArray.h" />
		<Unit filename="include/OperatorOverloading.h" />
		<Unit filename="include/PalindromeString.h" />
		<Unit filename="include/PassingValues.h" />
		<Unit filename="include/Pointers.h" />
		<Unit filename="include/PyramidStar.h" />
		<Unit filename="include/RandomNumber.h" />
		<Unit filename="main.cpp" />
		<Unit filename="src/Constants.cpp" />
		<Unit filename="src/Documentation.cpp" />
		<Unit filename="src/ExceptionHandling.cpp" />
		<Unit filename="src/FactorialNumber.cpp" />
		<Unit filename="src/FunctionOverloading.cpp" />
		<Unit filename="src/Keywords.cpp" />
		<Unit filename="src/MemberInitializer.cpp" />
		<Unit filename="src/MisssingNoInArray.cpp" />
		<Unit filename="src/OperatorOverloading.cpp" />
		<Unit filename="src/PalindromeString.cpp" />
		<Unit filename="src/PassingValues.cpp" />
		<Unit filename="src/Pointers.cpp" />
		<Unit filename="src/PyramidStar.cpp" />
		<Unit filename="src/RandomNumber.cpp" />
		<Extensions>
			<lib_finder disable_auto="1" />
		</Extensions>
	</Project>
</CodeBlocks_project_file>
